dependencies:
  idf:
    component_hash: null
    source:
      type: idf
    version: 5.0.1
  lvgl/lvgl:
    component_hash: 7b7ee85e48c2eb35bb242a8c7e0e4cd702e150541afb3f69089fb7ba81554d14
    source:
      service_url: https://api.components.espressif.com/
      type: service
    version: 8.3.0
manifest_hash: e5338d31b72aa8fb92a0642c43571ba8a30b794afd910b24aa7d0e9259f61b6e
target: esp32s3
version: 1.0.0
